
Microsoft Visual Studio Solution File, Format Version 11.00
# Visual Studio 2010
Project("{FAE04EC0-301F-11D3-BF4B-00C04F79EFBC}") = "ESPPTool", "ESPPTool.csproj", "{32C0D8D8-8E09-4372-AE8D-2B3D1F919DE3}"
EndProject
Global
	GlobalSection(SolutionConfigurationPlatforms) = preSolution
		Debug|x86 = Debug|x86
		Release|x86 = Release|x86
	EndGlobalSection
	GlobalSection(ProjectConfigurationPlatforms) = postSolution
		{32C0D8D8-8E09-4372-AE8D-2B3D1F919DE3}.Debug|x86.ActiveCfg = Debug|x86
		{32C0D8D8-8E09-4372-AE8D-2B3D1F919DE3}.Debug|x86.Build.0 = Debug|x86
		{32C0D8D8-8E09-4372-AE8D-2B3D1F919DE3}.Release|x86.ActiveCfg = Release|x86
		{32C0D8D8-8E09-4372-AE8D-2B3D1F919DE3}.Release|x86.Build.0 = Release|x86
	EndGlobalSection
	GlobalSection(SolutionProperties) = preSolution
		HideSolutionNode = FALSE
	EndGlobalSection
EndGlobal
